
Microsoft Visual Studio Solution File, Format Version 12.00
# Visual Studio Version 17
VisualStudioVersion = 17.3.32901.215
MinimumVisualStudioVersion = 10.0.40219.1
Project("{FAE04EC0-301F-11D3-BF4B-00C04F79EFBC}") = "eTickets", "eTickets\eTickets.csproj", "{243D4C23-83AC-4D30-9FF9-30F943EDC142}"
EndProject
Global
	GlobalSection(SolutionConfigurationPlatforms) = preSolution
		Debug|Any CPU = Debug|Any CPU
		Release|Any CPU = Release|Any CPU
	EndGlobalSection
	GlobalSection(ProjectConfigurationPlatforms) = postSolution
		{243D4C23-83AC-4D30-9FF9-30F943EDC142}.Debug|Any CPU.ActiveCfg = Debug|Any CPU
		{243D4C23-83AC-4D30-9FF9-30F943EDC142}.Debug|Any CPU.Build.0 = Debug|Any CPU
		{243D4C23-83AC-4D30-9FF9-30F943EDC142}.Release|Any CPU.ActiveCfg = Release|Any CPU
		{243D4C23-83AC-4D30-9FF9-30F943EDC142}.Release|Any CPU.Build.0 = Release|Any CPU
	EndGlobalSection
	GlobalSection(SolutionProperties) = preSolution
		HideSolutionNode = FALSE
	EndGlobalSection
	GlobalSection(ExtensibilityGlobals) = postSolution
		SolutionGuid = {E3F4A193-E37C-4EEE-A467-0F85DDFB56F6}
	EndGlobalSection
EndGlobal
